PODS:
  - XTCCategories (0.0.4)
  - XTCChainKit (0.0.3)

DEPENDENCIES:
  - XTCCategories
  - XTCChainKit

SPEC CHECKSUMS:
  XTCCategories: 9ff5c660b7e0f7a7addef138a75298b9d05750e4
  XTCChainKit: f2d687b91540634b243c5b6929c71ff0b843d6f2

PODFILE CHECKSUM: 7e86948ba8bc591b6b48abfcc69c1252547e567f

COCOAPODS: 1.2.1
